github.com/davecgh/go-spew v1.1.0/go.mod h1:J7Y8YcW2NihsgmVo/mv3lAwl/skON4iLHjSsI+c5H38=
github.com/pion/transport v0.6.0 h1:WAoyJg/6OI8dhCVFl/0JHTMd1iu2iHgGUXevptMtJ3U=
github.com/pion/transport v0.6.0/go.mod h1:iWZ07doqOosSLMhZ+FXUTq+TamDoXSllxpbGcfkCmbE=
github.com/pions/logging v0.2.0 h1:xSCkE+7+aebgVimtHBv7Y8b8waT8pgeyKku9Bo+eGdk=
github.com/pions/logging v0.2.0/go.mod h1:duuz9/Se8ujqvq7OPzbnPpRlha6A0fk1Ba2wrbn4zew=
github.com/pmezard/go-difflib v1.0.0/go.mod h1:iKH77koFhYxTK1pcRnkKkqfTogsbg7gZNVY4sRDYZ/4=
github.com/stretchr/objx v0.1.0/go.mod h1:HFkY916IF+rwdDfMAkV7OtwuqBVzrE8GR6GFx+wExME=
github.com/stretchr/testify v1.3.0/go.mod h1:M5WIy9Dh21IEIfnGCwXGc5bZfKNJtfHm1UVUgZn+9EI=
golang.org/x/crypto v0.0.0-20190404164418-38d8ce5564a5 h1:bselrhR0Or1vomJZC8ZIjWtbDmn9OYFLX5Ik9alpJpE=
golang.org/x/crypto v0.0.0-20190404164418-38d8ce5564a5/go.mod h1:WFFai1msRO1wXaEeE5yQxYXgSfI8pQAWXbQop6sCtWE=
golang.org/x/sys v0.0.0-20190403152447-81d4e9dc473e/go.mod h1:h1NjWce9XRLGQEsW7wpKNCjG9DtNlClVuFLEZdDNbEs=
